// !$*UTF8*$!
{
	archiveVersion = 1;
	classes = {
	};
	objectVersion = 46;
	objects = {

/* Begin PBXBuildFile section */
		19F9AA3C41934AB75D647C93 /* libPods.a in Frameworks */ = {isa = PBXBuildFile; fileRef = 8D3033162237623EE881669D /* libPods.a */; };
		D20BF04D1CDAA270007BC0FF /* UIViewController+SCNAlerts.m in Sources */ = {isa = PBXBuildFile; fileRef = D20BF04C1CDAA270007BC0FF /* UIViewController+SCNAlerts.m */; settings = {ASSET_TAGS = (); }; };
		D20BF0501CDAA36C007BC0FF /* UIViewController+SCNErrorAlerts.m in Sources */ = {isa = PBXBuildFile; fileRef = D20BF04F1CDAA36C007BC0FF /* UIViewController+SCNErrorAlerts.m */; settings = {ASSET_TAGS = (); }; };
		D263E1A91CD8EE5B00615E5F /* SCNNestFirebaseManager.m in Sources */ = {isa = PBXBuildFile; fileRef = D263E1A81CD8EE5B00615E5F /* SCNNestFirebaseManager.m */; settings = {ASSET_TAGS = (); }; };
		D2AC10CD1CD7AEC800EE1AE3 /* SCNNestAuthToken.m in Sources */ = {isa = PBXBuildFile; fileRef = D2AC10CC1CD7AEC800EE1AE3 /* SCNNestAuthToken.m */; settings = {ASSET_TAGS = (); }; };
		D2AC10D11CD7B4D700EE1AE3 /* SCNNestCamera.m in Sources */ = {isa = PBXBuildFile; fileRef = D2AC10D01CD7B4D700EE1AE3 /* SCNNestCamera.m */; settings = {ASSET_TAGS = (); }; };
		D2AC10D41CD7B64200EE1AE3 /* SCNNestAuthManager.m in Sources */ = {isa = PBXBuildFile; fileRef = D2AC10D31CD7B64200EE1AE3 /* SCNNestAuthManager.m */; settings = {ASSET_TAGS = (); }; };
		D2D078C01CDC85C4008C225A /* SCNNilObjectValueTransformer.m in Sources */ = {isa = PBXBuildFile; fileRef = D2D078BF1CDC85C4008C225A /* SCNNilObjectValueTransformer.m */; settings = {ASSET_TAGS = (); }; };
		D2D078C31CDCCD83008C225A /* FDataSnapshot+SCNValidation.m in Sources */ = {isa = PBXBuildFile; fileRef = D2D078C21CDCCD83008C225A /* FDataSnapshot+SCNValidation.m */; settings = {ASSET_TAGS = (); }; };
		D2D078C61CDCD0EA008C225A /* SCNCameraDataProvider.m in Sources */ = {isa = PBXBuildFile; fileRef = D2D078C51CDCD0EA008C225A /* SCNCameraDataProvider.m */; settings = {ASSET_TAGS = (); }; };
		D2D078C91CDCF2BD008C225A /* UIApplication+SCNOpenUrl.m in Sources */ = {isa = PBXBuildFile; fileRef = D2D078C81CDCF2BD008C225A /* UIApplication+SCNOpenUrl.m */; settings = {ASSET_TAGS = (); }; };
		D2D078CC1CDCF759008C225A /* SCNNestCamera+Presentation.m in Sources */ = {isa = PBXBuildFile; fileRef = D2D078CB1CDCF759008C225A /* SCNNestCamera+Presentation.m */; settings = {ASSET_TAGS = (); }; };
		D2DA15D01CD9EA6200CF6842 /* SCNNestStructure.m in Sources */ = {isa = PBXBuildFile; fileRef = D2DA15CF1CD9EA6200CF6842 /* SCNNestStructure.m */; settings = {ASSET_TAGS = (); }; };
		D2DA15D31CD9ECA800CF6842 /* SCNNestLocation.m in Sources */ = {isa = PBXBuildFile; fileRef = D2DA15D21CD9ECA800CF6842 /* SCNNestLocation.m */; settings = {ASSET_TAGS = (); }; };
		D2DA15D61CD9EDD500CF6842 /* SCNNestThermostat.m in Sources */ = {isa = PBXBuildFile; fileRef = D2DA15D51CD9EDD500CF6842 /* SCNNestThermostat.m */; settings = {ASSET_TAGS = (); }; };
		D2DA15D91CD9F07F00CF6842 /* SCNNestDevice.m in Sources */ = {isa = PBXBuildFile; fileRef = D2DA15D81CD9F07F00CF6842 /* SCNNestDevice.m */; settings = {ASSET_TAGS = (); }; };
		D2DA15DE1CD9F7FC00CF6842 /* NSDateFormatter+SCNNest.m in Sources */ = {isa = PBXBuildFile; fileRef = D2DA15DD1CD9F7FC00CF6842 /* NSDateFormatter+SCNNest.m */; settings = {ASSET_TAGS = (); }; };
		D2DA15E11CD9F92700CF6842 /* NSString+SCNNest.m in Sources */ = {isa = PBXBuildFile; fileRef = D2DA15E01CD9F92700CF6842 /* NSString+SCNNest.m */; settings = {ASSET_TAGS = (); }; };
		D2DA15E41CD9FA8C00CF6842 /* MTLValueTransformer+SCNNest.m in Sources */ = {isa = PBXBuildFile; fileRef = D2DA15E31CD9FA8C00CF6842 /* MTLValueTransformer+SCNNest.m */; settings = {ASSET_TAGS = (); }; };
		D2DA15E71CDA026800CF6842 /* SCNNestCameraEvent.m in Sources */ = {isa = PBXBuildFile; fileRef = D2DA15E61CDA026800CF6842 /* SCNNestCameraEvent.m */; settings = {ASSET_TAGS = (); }; };
		D2DA15EA1CDA0C1500CF6842 /* MTLJSONAdapter+SCNNest.m in Sources */ = {isa = PBXBuildFile; fileRef = D2DA15E91CDA0C1500CF6842 /* MTLJSONAdapter+SCNNest.m */; settings = {ASSET_TAGS = (); }; };
		D2DA15ED1CDA1B8E00CF6842 /* SCNNestSmokeCOAlarm.m in Sources */ = {isa = PBXBuildFile; fileRef = D2DA15EC1CDA1B8E00CF6842 /* SCNNestSmokeCOAlarm.m */; settings = {ASSET_TAGS = (); }; };
		D2DA15FA1CDA323F00CF6842 /* SCNStructuresDataProvider.m in Sources */ = {isa = PBXBuildFile; fileRef = D2DA15F91CDA323F00CF6842 /* SCNStructuresDataProvider.m */; settings = {ASSET_TAGS = (); }; };
		D2DA15FD1CDA39A100CF6842 /* NSError+Utils.m in Sources */ = {isa = PBXBuildFile; fileRef = D2DA15FC1CDA39A100CF6842 /* NSError+Utils.m */; settings = {ASSET_TAGS = (); }; };
		D2DA16001CDA41BD00CF6842 /* UITableView+SCNUtils.m in Sources */ = {isa = PBXBuildFile; fileRef = D2DA15FF1CDA41BD00CF6842 /* UITableView+SCNUtils.m */; settings = {ASSET_TAGS = (); }; };
		D2DA160D1CDA42D300CF6842 /* SCNReplaceSegue.m in Sources */ = {isa = PBXBuildFile; fileRef = D2DA16031CDA42D300CF6842 /* SCNReplaceSegue.m */; settings = {ASSET_TAGS = (); }; };
		D2DA160E1CDA42D300CF6842 /* SCNDevicesViewController.m in Sources */ = {isa = PBXBuildFile; fileRef = D2DA16061CDA42D300CF6842 /* SCNDevicesViewController.m */; settings = {ASSET_TAGS = (); }; };
		D2DA160F1CDA42D300CF6842 /* SCNLoginViewController.m in Sources */ = {isa = PBXBuildFile; fileRef = D2DA16081CDA42D300CF6842 /* SCNLoginViewController.m */; settings = {ASSET_TAGS = (); }; };
		D2DA16101CDA42D300CF6842 /* SCNStructuresViewController.m in Sources */ = {isa = PBXBuildFile; fileRef = D2DA160A1CDA42D300CF6842 /* SCNStructuresViewController.m */; settings = {ASSET_TAGS = (); }; };
		D2DA16111CDA42D300CF6842 /* SCNLockView.xib in Resources */ = {isa = PBXBuildFile; fileRef = D2DA160C1CDA42D300CF6842 /* SCNLockView.xib */; settings = {ASSET_TAGS = (); }; };
		D2DA16141CDA42ED00CF6842 /* SCNLockView.m in Sources */ = {isa = PBXBuildFile; fileRef = D2DA16131CDA42ED00CF6842 /* SCNLockView.m */; settings = {ASSET_TAGS = (); }; };
		D2DA16171CDA434200CF6842 /* UIView+SCNUtils.m in Sources */ = {isa = PBXBuildFile; fileRef = D2DA16161CDA434200CF6842 /* UIView+SCNUtils.m */; settings = {ASSET_TAGS = (); }; };
		D2DA161A1CDA444500CF6842 /* UIView+SCNLockView.m in Sources */ = {isa = PBXBuildFile; fileRef = D2DA16191CDA444500CF6842 /* UIView+SCNLockView.m */; settings = {ASSET_TAGS = (); }; };
		D2DA161E1CDA49B400CF6842 /* SCNSettings.m in Sources */ = {isa = PBXBuildFile; fileRef = D2DA161D1CDA49B400CF6842 /* SCNSettings.m */; settings = {ASSET_TAGS = (); }; };
		D2DA16211CDA600E00CF6842 /* SCNAwayDataProvider.m in Sources */ = {isa = PBXBuildFile; fileRef = D2DA16201CDA600E00CF6842 /* SCNAwayDataProvider.m */; settings = {ASSET_TAGS = (); }; };
		D2DA16241CDA739300CF6842 /* SCNStructureNameDataProvider.m in Sources */ = {isa = PBXBuildFile; fileRef = D2DA16231CDA739300CF6842 /* SCNStructureNameDataProvider.m */; settings = {ASSET_TAGS = (); }; };
		D2DE35EF1CDB238A00885E82 /* SCNDevicesDataProvider.m in Sources */ = {isa = PBXBuildFile; fileRef = D2DE35EE1CDB238A00885E82 /* SCNDevicesDataProvider.m */; settings = {ASSET_TAGS = (); }; };
		D2DE35F31CDB2E4300885E82 /* SCNNestDevicePool.m in Sources */ = {isa = PBXBuildFile; fileRef = D2DE35F21CDB2E4300885E82 /* SCNNestDevicePool.m */; settings = {ASSET_TAGS = (); }; };
		D2DE35F71CDB422300885E82 /* SCNCameraViewController.m in Sources */ = {isa = PBXBuildFile; fileRef = D2DE35F61CDB422300885E82 /* SCNCameraViewController.m */; settings = {ASSET_TAGS = (); }; };
		D2DE35FA1CDB424300885E82 /* SCNThermostatViewController.m in Sources */ = {isa = PBXBuildFile; fileRef = D2DE35F91CDB424300885E82 /* SCNThermostatViewController.m */; settings = {ASSET_TAGS = (); }; };
		D2DE35FD1CDB426600885E82 /* SCNSmokeCOAlarmViewController.m in Sources */ = {isa = PBXBuildFile; fileRef = D2DE35FC1CDB426600885E82 /* SCNSmokeCOAlarmViewController.m */; settings = {ASSET_TAGS = (); }; };
		D2DE36001CDB4EF500885E82 /* SCNSmokeCOAlarmDataProvider.m in Sources */ = {isa = PBXBuildFile; fileRef = D2DE35FF1CDB4EF500885E82 /* SCNSmokeCOAlarmDataProvider.m */; settings = {ASSET_TAGS = (); }; };
		D2DE36031CDB53FF00885E82 /* SCNDataProvider.m in Sources */ = {isa = PBXBuildFile; fileRef = D2DE36021CDB53FF00885E82 /* SCNDataProvider.m */; settings = {ASSET_TAGS = (); }; };
		D2DE36061CDB67EC00885E82 /* SCNLocationDataProvider.m in Sources */ = {isa = PBXBuildFile; fileRef = D2DE36051CDB67EC00885E82 /* SCNLocationDataProvider.m */; settings = {ASSET_TAGS = (); }; };
		D2DE36091CDB794100885E82 /* NSDate+SCNAppDates.m in Sources */ = {isa = PBXBuildFile; fileRef = D2DE36081CDB794100885E82 /* NSDate+SCNAppDates.m */; settings = {ASSET_TAGS = (); }; };
		D2DE36141CDB850F00885E82 /* SCNNestDevice+Presentation.m in Sources */ = {isa = PBXBuildFile; fileRef = D2DE36131CDB850F00885E82 /* SCNNestDevice+Presentation.m */; settings = {ASSET_TAGS = (); }; };
		D2DE36171CDB860C00885E82 /* SCNNestSmokeCOAlarm+Presentation.m in Sources */ = {isa = PBXBuildFile; fileRef = D2DE36161CDB860C00885E82 /* SCNNestSmokeCOAlarm+Presentation.m */; settings = {ASSET_TAGS = (); }; };
		D2E010791CE31BFB00CD1F86 /* SCNNestCameraEvent+Presentation.m in Sources */ = {isa = PBXBuildFile; fileRef = D2E010781CE31BFB00CD1F86 /* SCNNestCameraEvent+Presentation.m */; settings = {ASSET_TAGS = (); }; };
		D2E0107C1CE31D1600CD1F86 /* SCNNilObjectValueTransformer+Presentation.m in Sources */ = {isa = PBXBuildFile; fileRef = D2E0107B1CE31D1600CD1F86 /* SCNNilObjectValueTransformer+Presentation.m */; settings = {ASSET_TAGS = (); }; };
		D2E0107F1CE3341700CD1F86 /* SCNThermostatDataProvider.m in Sources */ = {isa = PBXBuildFile; fileRef = D2E0107E1CE3341700CD1F86 /* SCNThermostatDataProvider.m */; settings = {ASSET_TAGS = (); }; };
		D2E010821CE3569300CD1F86 /* SCNNestThermostat+Presentation.m in Sources */ = {isa = PBXBuildFile; fileRef = D2E010811CE3569300CD1F86 /* SCNNestThermostat+Presentation.m */; settings = {ASSET_TAGS = (); }; };
		D2E2D8A71CD79E7F00A97143 /* main.m in Sources */ = {isa = PBXBuildFile; fileRef = D2E2D8A61CD79E7F00A97143 /* main.m */; };
		D2E2D8AA1CD79E7F00A97143 /* AppDelegate.m in Sources */ = {isa = PBXBuildFile; fileRef = D2E2D8A91CD79E7F00A97143 /* AppDelegate.m */; };
		D2E2D8B01CD79E7F00A97143 /* Main.storyboard in Resources */ = {isa = PBXBuildFile; fileRef = D2E2D8AE1CD79E7F00A97143 /* Main.storyboard */; };
		D2E2D8B21CD79E7F00A97143 /* Assets.xcassets in Resources */ = {isa = PBXBuildFile; fileRef = D2E2D8B11CD79E7F00A97143 /* Assets.xcassets */; };
		D2E2D8B51CD79E7F00A97143 /* LaunchScreen.storyboard in Resources */ = {isa = PBXBuildFile; fileRef = D2E2D8B31CD79E7F00A97143 /* LaunchScreen.storyboard */; };
/* End PBXBuildFile section */

/* Begin PBXFileReference section */
		0139C749793BED8AAD80B086 /* Pods.debug.xcconfig */ = {isa = PBXFileReference; includeInIndex = 1; lastKnownFileType = text.xcconfig; name = Pods.debug.xcconfig; path = "Pods/Target Support Files/Pods/Pods.debug.xcconfig"; sourceTree = "<group>"; };
		305312A2105D0097B6D9B972 /* Pods.release.xcconfig */ = {isa = PBXFileReference; includeInIndex = 1; lastKnownFileType = text.xcconfig; name = Pods.release.xcconfig; path = "Pods/Target Support Files/Pods/Pods.release.xcconfig"; sourceTree = "<group>"; };
		8D3033162237623EE881669D /* libPods.a */ = {isa = PBXFileReference; explicitFileType = archive.ar; includeInIndex = 0; path = libPods.a; sourceTree = BUILT_PRODUCTS_DIR; };
		D20BF04B1CDAA270007BC0FF /* UIViewController+SCNAlerts.h */ = {isa = PBXFileReference; fileEncoding = 4; lastKnownFileType = sourcecode.c.h; path = "UIViewController+SCNAlerts.h"; sourceTree = "<group>"; };
		D20BF04C1CDAA270007BC0FF /* UIViewController+SCNAlerts.m */ = {isa = PBXFileReference; fileEncoding = 4; lastKnownFileType = sourcecode.c.objc; path = "UIViewController+SCNAlerts.m"; sourceTree = "<group>"; };
		D20BF04E1CDAA36C007BC0FF /* UIViewController+SCNErrorAlerts.h */ = {isa = PBXFileReference; fileEncoding = 4; lastKnownFileType = sourcecode.c.h; path = "UIViewController+SCNErrorAlerts.h"; sourceTree = "<group>"; };
		D20BF04F1CDAA36C007BC0FF /* UIViewController+SCNErrorAlerts.m */ = {isa = PBXFileReference; fileEncoding = 4; lastKnownFileType = sourcecode.c.objc; path = "UIViewController+SCNErrorAlerts.m"; sourceTree = "<group>"; };
		D263E1A71CD8EE5B00615E5F /* SCNNestFirebaseManager.h */ = {isa = PBXFileReference; fileEncoding = 4; lastKnownFileType = sourcecode.c.h; path = SCNNestFirebaseManager.h; sourceTree = "<group>"; };
		D263E1A81CD8EE5B00615E5F /* SCNNestFirebaseManager.m */ = {isa = PBXFileReference; fileEncoding = 4; lastKnownFileType = sourcecode.c.objc; path = SCNNestFirebaseManager.m; sourceTree = "<group>"; };
		D2AC10CB1CD7AEC800EE1AE3 /* SCNNestAuthToken.h */ = {isa = PBXFileReference; fileEncoding = 4; lastKnownFileType = sourcecode.c.h; path = SCNNestAuthToken.h; sourceTree = "<group>"; };
		D2AC10CC1CD7AEC800EE1AE3 /* SCNNestAuthToken.m */ = {isa = PBXFileReference; fileEncoding = 4; lastKnownFileType = sourcecode.c.objc; path = SCNNestAuthToken.m; sourceTree = "<group>"; };
		D2AC10CF1CD7B4D700EE1AE3 /* SCNNestCamera.h */ = {isa = PBXFileReference; fileEncoding = 4; lastKnownFileType = sourcecode.c.h; path = SCNNestCamera.h; sourceTree = "<group>"; };
		D2AC10D01CD7B4D700EE1AE3 /* SCNNestCamera.m */ = {isa = PBXFileReference; fileEncoding = 4; lastKnownFileType = sourcecode.c.objc; path = SCNNestCamera.m; sourceTree = "<group>"; };
		D2AC10D21CD7B64200EE1AE3 /* SCNNestAuthManager.h */ = {isa = PBXFileReference; fileEncoding = 4; lastKnownFileType = sourcecode.c.h; path = SCNNestAuthManager.h; sourceTree = "<group>"; };
		D2AC10D31CD7B64200EE1AE3 /* SCNNestAuthManager.m */ = {isa = PBXFileReference; fileEncoding = 4; lastKnownFileType = sourcecode.c.objc; path = SCNNestAuthManager.m; sourceTree = "<group>"; };
		D2D078BE1CDC85C4008C225A /* SCNNilObjectValueTransformer.h */ = {isa = PBXFileReference; fileEncoding = 4; lastKnownFileType = sourcecode.c.h; path = SCNNilObjectValueTransformer.h; sourceTree = "<group>"; };
		D2D078BF1CDC85C4008C225A /* SCNNilObjectValueTransformer.m */ = {isa = PBXFileReference; fileEncoding = 4; lastKnownFileType = sourcecode.c.objc; path = SCNNilObjectValueTransformer.m; sourceTree = "<group>"; };
		D2D078C11CDCCD83008C225A /* FDataSnapshot+SCNValidation.h */ = {isa = PBXFileReference; fileEncoding = 4; lastKnownFileType = sourcecode.c.h; path = "FDataSnapshot+SCNValidation.h"; sourceTree = "<group>"; };
		D2D078C21CDCCD83008C225A /* FDataSnapshot+SCNValidation.m */ = {isa = PBXFileReference; fileEncoding = 4; lastKnownFileType = sourcecode.c.objc; path = "FDataSnapshot+SCNValidation.m"; sourceTree = "<group>"; };
		D2D078C41CDCD0EA008C225A /* SCNCameraDataProvider.h */ = {isa = PBXFileReference; fileEncoding = 4; lastKnownFileType = sourcecode.c.h; path = SCNCameraDataProvider.h; sourceTree = "<group>"; };
		D2D078C51CDCD0EA008C225A /* SCNCameraDataProvider.m */ = {isa = PBXFileReference; fileEncoding = 4; lastKnownFileType = sourcecode.c.objc; path = SCNCameraDataProvider.m; sourceTree = "<group>"; };
		D2D078C71CDCF2BD008C225A /* UIApplication+SCNOpenUrl.h */ = {isa = PBXFileReference; fileEncoding = 4; lastKnownFileType = sourcecode.c.h; path = "UIApplication+SCNOpenUrl.h"; sourceTree = "<group>"; };
		D2D078C81CDCF2BD008C225A /* UIApplication+SCNOpenUrl.m */ = {isa = PBXFileReference; fileEncoding = 4; lastKnownFileType = sourcecode.c.objc; path = "UIApplication+SCNOpenUrl.m"; sourceTree = "<group>"; };
		D2D078CA1CDCF759008C225A /* SCNNestCamera+Presentation.h */ = {isa = PBXFileReference; fileEncoding = 4; lastKnownFileType = sourcecode.c.h; path = "SCNNestCamera+Presentation.h"; sourceTree = "<group>"; };
		D2D078CB1CDCF759008C225A /* SCNNestCamera+Presentation.m */ = {isa = PBXFileReference; fileEncoding = 4; lastKnownFileType = sourcecode.c.objc; path = "SCNNestCamera+Presentation.m"; sourceTree = "<group>"; };
		D2DA15CE1CD9EA6200CF6842 /* SCNNestStructure.h */ = {isa = PBXFileReference; fileEncoding = 4; lastKnownFileType = sourcecode.c.h; path = SCNNestStructure.h; sourceTree = "<group>"; };
		D2DA15CF1CD9EA6200CF6842 /* SCNNestStructure.m */ = {isa = PBXFileReference; fileEncoding = 4; lastKnownFileType = sourcecode.c.objc; path = SCNNestStructure.m; sourceTree = "<group>"; };
		D2DA15D11CD9ECA800CF6842 /* SCNNestLocation.h */ = {isa = PBXFileReference; fileEncoding = 4; lastKnownFileType = sourcecode.c.h; path = SCNNestLocation.h; sourceTree = "<group>"; };
		D2DA15D21CD9ECA800CF6842 /* SCNNestLocation.m */ = {isa = PBXFileReference; fileEncoding = 4; lastKnownFileType = sourcecode.c.objc; path = SCNNestLocation.m; sourceTree = "<group>"; };
		D2DA15D41CD9EDD500CF6842 /* SCNNestThermostat.h */ = {isa = PBXFileReference; fileEncoding = 4; lastKnownFileType = sourcecode.c.h; path = SCNNestThermostat.h; sourceTree = "<group>"; };
		D2DA15D51CD9EDD500CF6842 /* SCNNestThermostat.m */ = {isa = PBXFileReference; fileEncoding = 4; lastKnownFileType = sourcecode.c.objc; path = SCNNestThermostat.m; sourceTree = "<group>"; };
		D2DA15D71CD9F07F00CF6842 /* SCNNestDevice.h */ = {isa = PBXFileReference; fileEncoding = 4; lastKnownFileType = sourcecode.c.h; path = SCNNestDevice.h; sourceTree = "<group>"; };
		D2DA15D81CD9F07F00CF6842 /* SCNNestDevice.m */ = {isa = PBXFileReference; fileEncoding = 4; lastKnownFileType = sourcecode.c.objc; path = SCNNestDevice.m; sourceTree = "<group>"; };
		D2DA15DC1CD9F7FC00CF6842 /* NSDateFormatter+SCNNest.h */ = {isa = PBXFileReference; fileEncoding = 4; lastKnownFileType = sourcecode.c.h; path = "NSDateFormatter+SCNNest.h"; sourceTree = "<group>"; };
		D2DA15DD1CD9F7FC00CF6842 /* NSDateFormatter+SCNNest.m */ = {isa = PBXFileReference; fileEncoding = 4; lastKnownFileType = sourcecode.c.objc; path = "NSDateFormatter+SCNNest.m"; sourceTree = "<group>"; };
		D2DA15DF1CD9F92700CF6842 /* NSString+SCNNest.h */ = {isa = PBXFileReference; fileEncoding = 4; lastKnownFileType = sourcecode.c.h; path = "NSString+SCNNest.h"; sourceTree = "<group>"; };
		D2DA15E01CD9F92700CF6842 /* NSString+SCNNest.m */ = {isa = PBXFileReference; fileEncoding = 4; lastKnownFileType = sourcecode.c.objc; path = "NSString+SCNNest.m"; sourceTree = "<group>"; };
		D2DA15E21CD9FA8C00CF6842 /* MTLValueTransformer+SCNNest.h */ = {isa = PBXFileReference; fileEncoding = 4; lastKnownFileType = sourcecode.c.h; path = "MTLValueTransformer+SCNNest.h"; sourceTree = "<group>"; };
		D2DA15E31CD9FA8C00CF6842 /* MTLValueTransformer+SCNNest.m */ = {isa = PBXFileReference; fileEncoding = 4; lastKnownFileType = sourcecode.c.objc; path = "MTLValueTransformer+SCNNest.m"; sourceTree = "<group>"; };
		D2DA15E51CDA026800CF6842 /* SCNNestCameraEvent.h */ = {isa = PBXFileReference; fileEncoding = 4; lastKnownFileType = sourcecode.c.h; path = SCNNestCameraEvent.h; sourceTree = "<group>"; };
		D2DA15E61CDA026800CF6842 /* SCNNestCameraEvent.m */ = {isa = PBXFileReference; fileEncoding = 4; lastKnownFileType = sourcecode.c.objc; path = SCNNestCameraEvent.m; sourceTree = "<group>"; };
		D2DA15E81CDA0C1500CF6842 /* MTLJSONAdapter+SCNNest.h */ = {isa = PBXFileReference; fileEncoding = 4; lastKnownFileType = sourcecode.c.h; path = "MTLJSONAdapter+SCNNest.h"; sourceTree = "<group>"; };
		D2DA15E91CDA0C1500CF6842 /* MTLJSONAdapter+SCNNest.m */ = {isa = PBXFileReference; fileEncoding = 4; lastKnownFileType = sourcecode.c.objc; path = "MTLJSONAdapter+SCNNest.m"; sourceTree = "<group>"; };
		D2DA15EB1CDA1B8E00CF6842 /* SCNNestSmokeCOAlarm.h */ = {isa = PBXFileReference; fileEncoding = 4; lastKnownFileType = sourcecode.c.h; path = SCNNestSmokeCOAlarm.h; sourceTree = "<group>"; };
		D2DA15EC1CDA1B8E00CF6842 /* SCNNestSmokeCOAlarm.m */ = {isa = PBXFileReference; fileEncoding = 4; lastKnownFileType = sourcecode.c.objc; path = SCNNestSmokeCOAlarm.m; sourceTree = "<group>"; };
		D2DA15F81CDA323F00CF6842 /* SCNStructuresDataProvider.h */ = {isa = PBXFileReference; fileEncoding = 4; lastKnownFileType = sourcecode.c.h; path = SCNStructuresDataProvider.h; sourceTree = "<group>"; };
		D2DA15F91CDA323F00CF6842 /* SCNStructuresDataProvider.m */ = {isa = PBXFileReference; fileEncoding = 4; lastKnownFileType = sourcecode.c.objc; path = SCNStructuresDataProvider.m; sourceTree = "<group>"; };
		D2DA15FB1CDA39A100CF6842 /* NSError+Utils.h */ = {isa = PBXFileReference; fileEncoding = 4; lastKnownFileType = sourcecode.c.h; path = "NSError+Utils.h"; sourceTree = "<group>"; };
		D2DA15FC1CDA39A100CF6842 /* NSError+Utils.m */ = {isa = PBXFileReference; fileEncoding = 4; lastKnownFileType = sourcecode.c.objc; path = "NSError+Utils.m"; sourceTree = "<group>"; };
		D2DA15FE1CDA41BD00CF6842 /* UITableView+SCNUtils.h */ = {isa = PBXFileReference; fileEncoding = 4; lastKnownFileType = sourcecode.c.h; path = "UITableView+SCNUtils.h"; sourceTree = "<group>"; };
		D2DA15FF1CDA41BD00CF6842 /* UITableView+SCNUtils.m */ = {isa = PBXFileReference; fileEncoding = 4; lastKnownFileType = sourcecode.c.objc; path = "UITableView+SCNUtils.m"; sourceTree = "<group>"; };
		D2DA16021CDA42D300CF6842 /* SCNReplaceSegue.h */ = {isa = PBXFileReference; fileEncoding = 4; lastKnownFileType = sourcecode.c.h; path = SCNReplaceSegue.h; sourceTree = "<group>"; };
		D2DA16031CDA42D300CF6842 /* SCNReplaceSegue.m */ = {isa = PBXFileReference; fileEncoding = 4; lastKnownFileType = sourcecode.c.objc; path = SCNReplaceSegue.m; sourceTree = "<group>"; };
		D2DA16051CDA42D300CF6842 /* SCNDevicesViewController.h */ = {isa = PBXFileReference; fileEncoding = 4; lastKnownFileType = sourcecode.c.h; path = SCNDevicesViewController.h; sourceTree = "<group>"; };
		D2DA16061CDA42D300CF6842 /* SCNDevicesViewController.m */ = {isa = PBXFileReference; fileEncoding = 4; lastKnownFileType = sourcecode.c.objc; path = SCNDevicesViewController.m; sourceTree = "<group>"; };
		D2DA16071CDA42D300CF6842 /* SCNLoginViewController.h */ = {isa = PBXFileReference; fileEncoding = 4; lastKnownFileType = sourcecode.c.h; path = SCNLoginViewController.h; sourceTree = "<group>"; };
		D2DA16081CDA42D300CF6842 /* SCNLoginViewController.m */ = {isa = PBXFileReference; fileEncoding = 4; lastKnownFileType = sourcecode.c.objc; path = SCNLoginViewController.m; sourceTree = "<group>"; };
		D2DA16091CDA42D300CF6842 /* SCNStructuresViewController.h */ = {isa = PBXFileReference; fileEncoding = 4; lastKnownFileType = sourcecode.c.h; path = SCNStructuresViewController.h; sourceTree = "<group>"; };
		D2DA160A1CDA42D300CF6842 /* SCNStructuresViewController.m */ = {isa = PBXFileReference; fileEncoding = 4; lastKnownFileType = sourcecode.c.objc; path = SCNStructuresViewController.m; sourceTree = "<group>"; };
		D2DA160C1CDA42D300CF6842 /* SCNLockView.xib */ = {isa = PBXFileReference; fileEncoding = 4; lastKnownFileType = file.xib; path = SCNLockView.xib; sourceTree = "<group>"; };
		D2DA16121CDA42ED00CF6842 /* SCNLockView.h */ = {isa = PBXFileReference; fileEncoding = 4; lastKnownFileType = sourcecode.c.h; path = SCNLockView.h; sourceTree = "<group>"; };
		D2DA16131CDA42ED00CF6842 /* SCNLockView.m */ = {isa = PBXFileReference; fileEncoding = 4; lastKnownFileType = sourcecode.c.objc; path = SCNLockView.m; sourceTree = "<group>"; };
		D2DA16151CDA434200CF6842 /* UIView+SCNUtils.h */ = {isa = PBXFileReference; fileEncoding = 4; lastKnownFileType = sourcecode.c.h; path = "UIView+SCNUtils.h"; sourceTree = "<group>"; };
		D2DA16161CDA434200CF6842 /* UIView+SCNUtils.m */ = {isa = PBXFileReference; fileEncoding = 4; lastKnownFileType = sourcecode.c.objc; path = "UIView+SCNUtils.m"; sourceTree = "<group>"; };
		D2DA16181CDA444500CF6842 /* UIView+SCNLockView.h */ = {isa = PBXFileReference; fileEncoding = 4; lastKnownFileType = sourcecode.c.h; path = "UIView+SCNLockView.h"; sourceTree = "<group>"; };
		D2DA16191CDA444500CF6842 /* UIView+SCNLockView.m */ = {isa = PBXFileReference; fileEncoding = 4; lastKnownFileType = sourcecode.c.objc; path = "UIView+SCNLockView.m"; sourceTree = "<group>"; };
		D2DA161C1CDA49B400CF6842 /* SCNSettings.h */ = {isa = PBXFileReference; fileEncoding = 4; lastKnownFileType = sourcecode.c.h; path = SCNSettings.h; sourceTree = "<group>"; };
		D2DA161D1CDA49B400CF6842 /* SCNSettings.m */ = {isa = PBXFileReference; fileEncoding = 4; lastKnownFileType = sourcecode.c.objc; path = SCNSettings.m; sourceTree = "<group>"; };
		D2DA161F1CDA600E00CF6842 /* SCNAwayDataProvider.h */ = {isa = PBXFileReference; fileEncoding = 4; lastKnownFileType = sourcecode.c.h; path = SCNAwayDataProvider.h; sourceTree = "<group>"; };
		D2DA16201CDA600E00CF6842 /* SCNAwayDataProvider.m */ = {isa = PBXFileReference; fileEncoding = 4; lastKnownFileType = sourcecode.c.objc; path = SCNAwayDataProvider.m; sourceTree = "<group>"; };
		D2DA16221CDA739300CF6842 /* SCNStructureNameDataProvider.h */ = {isa = PBXFileReference; fileEncoding = 4; lastKnownFileType = sourcecode.c.h; path = SCNStructureNameDataProvider.h; sourceTree = "<group>"; };
		D2DA16231CDA739300CF6842 /* SCNStructureNameDataProvider.m */ = {isa = PBXFileReference; fileEncoding = 4; lastKnownFileType = sourcecode.c.objc; path = SCNStructureNameDataProvider.m; sourceTree = "<group>"; };
		D2DE35ED1CDB238A00885E82 /* SCNDevicesDataProvider.h */ = {isa = PBXFileReference; fileEncoding = 4; lastKnownFileType = sourcecode.c.h; path = SCNDevicesDataProvider.h; sourceTree = "<group>"; };
		D2DE35EE1CDB238A00885E82 /* SCNDevicesDataProvider.m */ = {isa = PBXFileReference; fileEncoding = 4; lastKnownFileType = sourcecode.c.objc; path = SCNDevicesDataProvider.m; sourceTree = "<group>"; };
		D2DE35F01CDB28BF00885E82 /* PrefixHeader.pch */ = {isa = PBXFileReference; lastKnownFileType = sourcecode.c.h; path = PrefixHeader.pch; sourceTree = "<group>"; };
		D2DE35F11CDB2E4300885E82 /* SCNNestDevicePool.h */ = {isa = PBXFileReference; fileEncoding = 4; lastKnownFileType = sourcecode.c.h; path = SCNNestDevicePool.h; sourceTree = "<group>"; };
		D2DE35F21CDB2E4300885E82 /* SCNNestDevicePool.m */ = {isa = PBXFileReference; fileEncoding = 4; lastKnownFileType = sourcecode.c.objc; path = SCNNestDevicePool.m; sourceTree = "<group>"; };
		D2DE35F51CDB422300885E82 /* SCNCameraViewController.h */ = {isa = PBXFileReference; fileEncoding = 4; lastKnownFileType = sourcecode.c.h; path = SCNCameraViewController.h; sourceTree = "<group>"; };
		D2DE35F61CDB422300885E82 /* SCNCameraViewController.m */ = {isa = PBXFileReference; fileEncoding = 4; lastKnownFileType = sourcecode.c.objc; path = SCNCameraViewController.m; sourceTree = "<group>"; };
		D2DE35F81CDB424300885E82 /* SCNThermostatViewController.h */ = {isa = PBXFileReference; fileEncoding = 4; lastKnownFileType = sourcecode.c.h; path = SCNThermostatViewController.h; sourceTree = "<group>"; };
		D2DE35F91CDB424300885E82 /* SCNThermostatViewController.m */ = {isa = PBXFileReference; fileEncoding = 4; lastKnownFileType = sourcecode.c.objc; path = SCNThermostatViewController.m; sourceTree = "<group>"; };
		D2DE35FB1CDB426600885E82 /* SCNSmokeCOAlarmViewController.h */ = {isa = PBXFileReference; fileEncoding = 4; lastKnownFileType = sourcecode.c.h; path = SCNSmokeCOAlarmViewController.h; sourceTree = "<group>"; };
		D2DE35FC1CDB426600885E82 /* SCNSmokeCOAlarmViewController.m */ = {isa = PBXFileReference; fileEncoding = 4; lastKnownFileType = sourcecode.c.objc; path = SCNSmokeCOAlarmViewController.m; sourceTree = "<group>"; };
		D2DE35FE1CDB4EF500885E82 /* SCNSmokeCOAlarmDataProvider.h */ = {isa = PBXFileReference; fileEncoding = 4; lastKnownFileType = sourcecode.c.h; path = SCNSmokeCOAlarmDataProvider.h; sourceTree = "<group>"; };
		D2DE35FF1CDB4EF500885E82 /* SCNSmokeCOAlarmDataProvider.m */ = {isa = PBXFileReference; fileEncoding = 4; lastKnownFileType = sourcecode.c.objc; path = SCNSmokeCOAlarmDataProvider.m; sourceTree = "<group>"; };
		D2DE36011CDB53FF00885E82 /* SCNDataProvider.h */ = {isa = PBXFileReference; fileEncoding = 4; lastKnownFileType = sourcecode.c.h; path = SCNDataProvider.h; sourceTree = "<group>"; };
		D2DE36021CDB53FF00885E82 /* SCNDataProvider.m */ = {isa = PBXFileReference; fileEncoding = 4; lastKnownFileType = sourcecode.c.objc; path = SCNDataProvider.m; sourceTree = "<group>"; };
		D2DE36041CDB67EC00885E82 /* SCNLocationDataProvider.h */ = {isa = PBXFileReference; fileEncoding = 4; lastKnownFileType = sourcecode.c.h; path = SCNLocationDataProvider.h; sourceTree = "<group>"; };
		D2DE36051CDB67EC00885E82 /* SCNLocationDataProvider.m */ = {isa = PBXFileReference; fileEncoding = 4; lastKnownFileType = sourcecode.c.objc; path = SCNLocationDataProvider.m; sourceTree = "<group>"; };
		D2DE36071CDB794100885E82 /* NSDate+SCNAppDates.h */ = {isa = PBXFileReference; fileEncoding = 4; lastKnownFileType = sourcecode.c.h; path = "NSDate+SCNAppDates.h"; sourceTree = "<group>"; };
		D2DE36081CDB794100885E82 /* NSDate+SCNAppDates.m */ = {isa = PBXFileReference; fileEncoding = 4; lastKnownFileType = sourcecode.c.objc; path = "NSDate+SCNAppDates.m"; sourceTree = "<group>"; };
		D2DE36121CDB850F00885E82 /* SCNNestDevice+Presentation.h */ = {isa = PBXFileReference; fileEncoding = 4; lastKnownFileType = sourcecode.c.h; path = "SCNNestDevice+Presentation.h"; sourceTree = "<group>"; };
		D2DE36131CDB850F00885E82 /* SCNNestDevice+Presentation.m */ = {isa = PBXFileReference; fileEncoding = 4; lastKnownFileType = sourcecode.c.objc; path = "SCNNestDevice+Presentation.m"; sourceTree = "<group>"; };
		D2DE36151CDB860C00885E82 /* SCNNestSmokeCOAlarm+Presentation.h */ = {isa = PBXFileReference; fileEncoding = 4; lastKnownFileType = sourcecode.c.h; path = "SCNNestSmokeCOAlarm+Presentation.h"; sourceTree = "<group>"; };
		D2DE36161CDB860C00885E82 /* SCNNestSmokeCOAlarm+Presentation.m */ = {isa = PBXFileReference; fileEncoding = 4; lastKnownFileType = sourcecode.c.objc; path = "SCNNestSmokeCOAlarm+Presentation.m"; sourceTree = "<group>"; };
		D2E010771CE31BFB00CD1F86 /* SCNNestCameraEvent+Presentation.h */ = {isa = PBXFileReference; fileEncoding = 4; lastKnownFileType = sourcecode.c.h; path = "SCNNestCameraEvent+Presentation.h"; sourceTree = "<group>"; };
		D2E010781CE31BFB00CD1F86 /* SCNNestCameraEvent+Presentation.m */ = {isa = PBXFileReference; fileEncoding = 4; lastKnownFileType = sourcecode.c.objc; path = "SCNNestCameraEvent+Presentation.m"; sourceTree = "<group>"; };
		D2E0107A1CE31D1600CD1F86 /* SCNNilObjectValueTransformer+Presentation.h */ = {isa = PBXFileReference; fileEncoding = 4; lastKnownFileType = sourcecode.c.h; path = "SCNNilObjectValueTransformer+Presentation.h"; sourceTree = "<group>"; };
		D2E0107B1CE31D1600CD1F86 /* SCNNilObjectValueTransformer+Presentation.m */ = {isa = PBXFileReference; fileEncoding = 4; lastKnownFileType = sourcecode.c.objc; path = "SCNNilObjectValueTransformer+Presentation.m"; sourceTree = "<group>"; };
		D2E0107D1CE3341700CD1F86 /* SCNThermostatDataProvider.h */ = {isa = PBXFileReference; fileEncoding = 4; lastKnownFileType = sourcecode.c.h; path = SCNThermostatDataProvider.h; sourceTree = "<group>"; };
		D2E0107E1CE3341700CD1F86 /* SCNThermostatDataProvider.m */ = {isa = PBXFileReference; fileEncoding = 4; lastKnownFileType = sourcecode.c.objc; path = SCNThermostatDataProvider.m; sourceTree = "<group>"; };
		D2E010801CE3569300CD1F86 /* SCNNestThermostat+Presentation.h */ = {isa = PBXFileReference; fileEncoding = 4; lastKnownFileType = sourcecode.c.h; path = "SCNNestThermostat+Presentation.h"; sourceTree = "<group>"; };
		D2E010811CE3569300CD1F86 /* SCNNestThermostat+Presentation.m */ = {isa = PBXFileReference; fileEncoding = 4; lastKnownFileType = sourcecode.c.objc; path = "SCNNestThermostat+Presentation.m"; sourceTree = "<group>"; };
		D2E2D8A21CD79E7F00A97143 /* TestHome.app */ = {isa = PBXFileReference; explicitFileType = wrapper.application; includeInIndex = 0; path = TestHome.app; sourceTree = BUILT_PRODUCTS_DIR; };
		D2E2D8A61CD79E7F00A97143 /* main.m */ = {isa = PBXFileReference; lastKnownFileType = sourcecode.c.objc; path = main.m; sourceTree = "<group>"; };
		D2E2D8A81CD79E7F00A97143 /* AppDelegate.h */ = {isa = PBXFileReference; lastKnownFileType = sourcecode.c.h; path = AppDelegate.h; sourceTree = "<group>"; };
		D2E2D8A91CD79E7F00A97143 /* AppDelegate.m */ = {isa = PBXFileReference; lastKnownFileType = sourcecode.c.objc; path = AppDelegate.m; sourceTree = "<group>"; };
		D2E2D8AF1CD79E7F00A97143 /* Base */ = {isa = PBXFileReference; lastKnownFileType = file.storyboard; name = Base; path = Base.lproj/Main.storyboard; sourceTree = "<group>"; };
		D2E2D8B11CD79E7F00A97143 /* Assets.xcassets */ = {isa = PBXFileReference; lastKnownFileType = folder.assetcatalog; path = Assets.xcassets; sourceTree = "<group>"; };
		D2E2D8B41CD79E7F00A97143 /* Base */ = {isa = PBXFileReference; lastKnownFileType = file.storyboard; name = Base; path = Base.lproj/LaunchScreen.storyboard; sourceTree = "<group>"; };
		D2E2D8B61CD79E7F00A97143 /* Info.plist */ = {isa = PBXFileReference; lastKnownFileType = text.plist.xml; path = Info.plist; sourceTree = "<group>"; };
/* End PBXFileReference section */

/* Begin PBXFrameworksBuildPhase section */
		D2E2D89F1CD79E7F00A97143 /* Frameworks */ = {
			isa = PBXFrameworksBuildPhase;
			buildActionMask = 2147483647;
			files = (
				19F9AA3C41934AB75D647C93 /* libPods.a in Frameworks */,
			);
			runOnlyForDeploymentPostprocessing = 0;
		};
/* End PBXFrameworksBuildPhase section */

/* Begin PBXGroup section */
		108C4B8E269476B9E13D84CB /* Frameworks */ = {
			isa = PBXGroup;
			children = (
				8D3033162237623EE881669D /* libPods.a */,
			);
			name = Frameworks;
			sourceTree = "<group>";
		};
		C91D0588E3FDD4BA27B93668 /* Pods */ = {
			isa = PBXGroup;
			children = (
				0139C749793BED8AAD80B086 /* Pods.debug.xcconfig */,
				305312A2105D0097B6D9B972 /* Pods.release.xcconfig */,
			);
			name = Pods;
			sourceTree = "<group>";
		};
		D2AC10C51CD7A7C700EE1AE3 /* UI */ = {
			isa = PBXGroup;
			children = (
				D2DA16011CDA42D300CF6842 /* Segues */,
				D2DA16041CDA42D300CF6842 /* ViewControllers */,
				D2DA160B1CDA42D300CF6842 /* Views */,
			);
			path = UI;
			sourceTree = "<group>";
		};
		D2AC10C91CD7A90C00EE1AE3 /* Model */ = {
			isa = PBXGroup;
			children = (
				D2DA161B1CDA499C00CF6842 /* Settings */,
				D2DA15F71CDA320F00CF6842 /* DataProviders */,
				D2AC10CA1CD7AE6400EE1AE3 /* Nest */,
			);
			path = Model;
			sourceTree = "<group>";
		};
		D2AC10CA1CD7AE6400EE1AE3 /* Nest */ = {
			isa = PBXGroup;
			children = (
				D2DE36111CDB84E800885E82 /* Presentation */,
				D2AC10CE1CD7B41100EE1AE3 /* Entities */,
				D2AC10CB1CD7AEC800EE1AE3 /* SCNNestAuthToken.h */,
				D2AC10CC1CD7AEC800EE1AE3 /* SCNNestAuthToken.m */,
				D2AC10D21CD7B64200EE1AE3 /* SCNNestAuthManager.h */,
				D2AC10D31CD7B64200EE1AE3 /* SCNNestAuthManager.m */,
				D263E1A71CD8EE5B00615E5F /* SCNNestFirebaseManager.h */,
				D263E1A81CD8EE5B00615E5F /* SCNNestFirebaseManager.m */,
			);
			path = Nest;
			sourceTree = "<group>";
		};
		D2AC10CE1CD7B41100EE1AE3 /* Entities */ = {
			isa = PBXGroup;
			children = (
				D2AC10CF1CD7B4D700EE1AE3 /* SCNNestCamera.h */,
				D2AC10D01CD7B4D700EE1AE3 /* SCNNestCamera.m */,
				D2DA15CE1CD9EA6200CF6842 /* SCNNestStructure.h */,
				D2DA15CF1CD9EA6200CF6842 /* SCNNestStructure.m */,
				D2DA15D11CD9ECA800CF6842 /* SCNNestLocation.h */,
				D2DA15D21CD9ECA800CF6842 /* SCNNestLocation.m */,
				D2DA15D41CD9EDD500CF6842 /* SCNNestThermostat.h */,
				D2DA15D51CD9EDD500CF6842 /* SCNNestThermostat.m */,
				D2DA15D71CD9F07F00CF6842 /* SCNNestDevice.h */,
				D2DA15D81CD9F07F00CF6842 /* SCNNestDevice.m */,
				D2DA15E51CDA026800CF6842 /* SCNNestCameraEvent.h */,
				D2DA15E61CDA026800CF6842 /* SCNNestCameraEvent.m */,
				D2DA15EB1CDA1B8E00CF6842 /* SCNNestSmokeCOAlarm.h */,
				D2DA15EC1CDA1B8E00CF6842 /* SCNNestSmokeCOAlarm.m */,
				D2DE35F11CDB2E4300885E82 /* SCNNestDevicePool.h */,
				D2DE35F21CDB2E4300885E82 /* SCNNestDevicePool.m */,
			);
			path = Entities;
			sourceTree = "<group>";
		};
		D2DA15DA1CD9F7B300CF6842 /* Utils */ = {
			isa = PBXGroup;
			children = (
				D2DA15DB1CD9F7B300CF6842 /* Categories */,
				D2DE35F01CDB28BF00885E82 /* PrefixHeader.pch */,
				D2D078BE1CDC85C4008C225A /* SCNNilObjectValueTransformer.h */,
				D2D078BF1CDC85C4008C225A /* SCNNilObjectValueTransformer.m */,
				D2E0107A1CE31D1600CD1F86 /* SCNNilObjectValueTransformer+Presentation.h */,
				D2E0107B1CE31D1600CD1F86 /* SCNNilObjectValueTransformer+Presentation.m */,
			);
			path = Utils;
			sourceTree = "<group>";
		};
		D2DA15DB1CD9F7B300CF6842 /* Categories */ = {
			isa = PBXGroup;
			children = (
				D2DA15DC1CD9F7FC00CF6842 /* NSDateFormatter+SCNNest.h */,
				D2DA15DD1CD9F7FC00CF6842 /* NSDateFormatter+SCNNest.m */,
				D2DA15DF1CD9F92700CF6842 /* NSString+SCNNest.h */,
				D2DA15E01CD9F92700CF6842 /* NSString+SCNNest.m */,
				D2DA15E21CD9FA8C00CF6842 /* MTLValueTransformer+SCNNest.h */,
				D2DA15E31CD9FA8C00CF6842 /* MTLValueTransformer+SCNNest.m */,
				D2DA15E81CDA0C1500CF6842 /* MTLJSONAdapter+SCNNest.h */,
				D2DA15E91CDA0C1500CF6842 /* MTLJSONAdapter+SCNNest.m */,
				D2DA15FB1CDA39A100CF6842 /* NSError+Utils.h */,
				D2DA15FC1CDA39A100CF6842 /* NSError+Utils.m */,
				D2DA15FE1CDA41BD00CF6842 /* UITableView+SCNUtils.h */,
				D2DA15FF1CDA41BD00CF6842 /* UITableView+SCNUtils.m */,
				D2DA16151CDA434200CF6842 /* UIView+SCNUtils.h */,
				D2DA16161CDA434200CF6842 /* UIView+SCNUtils.m */,
				D2DA16181CDA444500CF6842 /* UIView+SCNLockView.h */,
				D2DA16191CDA444500CF6842 /* UIView+SCNLockView.m */,
				D20BF04B1CDAA270007BC0FF /* UIViewController+SCNAlerts.h */,
				D20BF04C1CDAA270007BC0FF /* UIViewController+SCNAlerts.m */,
				D20BF04E1CDAA36C007BC0FF /* UIViewController+SCNErrorAlerts.h */,
				D20BF04F1CDAA36C007BC0FF /* UIViewController+SCNErrorAlerts.m */,
				D2DE36071CDB794100885E82 /* NSDate+SCNAppDates.h */,
				D2DE36081CDB794100885E82 /* NSDate+SCNAppDates.m */,
				D2D078C11CDCCD83008C225A /* FDataSnapshot+SCNValidation.h */,
				D2D078C21CDCCD83008C225A /* FDataSnapshot+SCNValidation.m */,
				D2D078C71CDCF2BD008C225A /* UIApplication+SCNOpenUrl.h */,
				D2D078C81CDCF2BD008C225A /* UIApplication+SCNOpenUrl.m */,
			);
			path = Categories;
			sourceTree = "<group>";
		};
		D2DA15F71CDA320F00CF6842 /* DataProviders */ = {
			isa = PBXGroup;
			children = (
				D2DA15F81CDA323F00CF6842 /* SCNStructuresDataProvider.h */,
				D2DA15F91CDA323F00CF6842 /* SCNStructuresDataProvider.m */,
				D2DA161F1CDA600E00CF6842 /* SCNAwayDataProvider.h */,
				D2DA16201CDA600E00CF6842 /* SCNAwayDataProvider.m */,
				D2DA16221CDA739300CF6842 /* SCNStructureNameDataProvider.h */,
				D2DA16231CDA739300CF6842 /* SCNStructureNameDataProvider.m */,
				D2DE35ED1CDB238A00885E82 /* SCNDevicesDataProvider.h */,
				D2DE35EE1CDB238A00885E82 /* SCNDevicesDataProvider.m */,
				D2DE35FE1CDB4EF500885E82 /* SCNSmokeCOAlarmDataProvider.h */,
				D2DE35FF1CDB4EF500885E82 /* SCNSmokeCOAlarmDataProvider.m */,
				D2DE36011CDB53FF00885E82 /* SCNDataProvider.h */,
				D2DE36021CDB53FF00885E82 /* SCNDataProvider.m */,
				D2DE36041CDB67EC00885E82 /* SCNLocationDataProvider.h */,
				D2DE36051CDB67EC00885E82 /* SCNLocationDataProvider.m */,
				D2D078C41CDCD0EA008C225A /* SCNCameraDataProvider.h */,
				D2D078C51CDCD0EA008C225A /* SCNCameraDataProvider.m */,
				D2E0107D1CE3341700CD1F86 /* SCNThermostatDataProvider.h */,
				D2E0107E1CE3341700CD1F86 /* SCNThermostatDataProvider.m */,
			);
			path = DataProviders;
			sourceTree = "<group>";
		};
		D2DA16011CDA42D300CF6842 /* Segues */ = {
			isa = PBXGroup;
			children = (
				D2DA16021CDA42D300CF6842 /* SCNReplaceSegue.h */,
				D2DA16031CDA42D300CF6842 /* SCNReplaceSegue.m */,
			);
			path = Segues;
			sourceTree = "<group>";
		};
		D2DA16041CDA42D300CF6842 /* ViewControllers */ = {
			isa = PBXGroup;
			children = (
				D2DA16051CDA42D300CF6842 /* SCNDevicesViewController.h */,
				D2DA16061CDA42D300CF6842 /* SCNDevicesViewController.m */,
				D2DA16071CDA42D300CF6842 /* SCNLoginViewController.h */,
				D2DA16081CDA42D300CF6842 /* SCNLoginViewController.m */,
				D2DA16091CDA42D300CF6842 /* SCNStructuresViewController.h */,
				D2DA160A1CDA42D300CF6842 /* SCNStructuresViewController.m */,
				D2DE35F51CDB422300885E82 /* SCNCameraViewController.h */,
				D2DE35F61CDB422300885E82 /* SCNCameraViewController.m */,
				D2DE35F81CDB424300885E82 /* SCNThermostatViewController.h */,
				D2DE35F91CDB424300885E82 /* SCNThermostatViewController.m */,
				D2DE35FB1CDB426600885E82 /* SCNSmokeCOAlarmViewController.h */,
				D2DE35FC1CDB426600885E82 /* SCNSmokeCOAlarmViewController.m */,
			);
			path = ViewControllers;
			sourceTree = "<group>";
		};
		D2DA160B1CDA42D300CF6842 /* Views */ = {
			isa = PBXGroup;
			children = (
				D2DA160C1CDA42D300CF6842 /* SCNLockView.xib */,
				D2DA16121CDA42ED00CF6842 /* SCNLockView.h */,
				D2DA16131CDA42ED00CF6842 /* SCNLockView.m */,
			);
			path = Views;
			sourceTree = "<group>";
		};
		D2DA161B1CDA499C00CF6842 /* Settings */ = {
			isa = PBXGroup;
			children = (
				D2DA161C1CDA49B400CF6842 /* SCNSettings.h */,
				D2DA161D1CDA49B400CF6842 /* SCNSettings.m */,
			);
			path = Settings;
			sourceTree = "<group>";
		};
		D2DE36111CDB84E800885E82 /* Presentation */ = {
			isa = PBXGroup;
			children = (
				D2DE36121CDB850F00885E82 /* SCNNestDevice+Presentation.h */,
				D2DE36131CDB850F00885E82 /* SCNNestDevice+Presentation.m */,
				D2DE36151CDB860C00885E82 /* SCNNestSmokeCOAlarm+Presentation.h */,
				D2DE36161CDB860C00885E82 /* SCNNestSmokeCOAlarm+Presentation.m */,
				D2D078CA1CDCF759008C225A /* SCNNestCamera+Presentation.h */,
				D2D078CB1CDCF759008C225A /* SCNNestCamera+Presentation.m */,
				D2E010771CE31BFB00CD1F86 /* SCNNestCameraEvent+Presentation.h */,
				D2E010781CE31BFB00CD1F86 /* SCNNestCameraEvent+Presentation.m */,
				D2E010801CE3569300CD1F86 /* SCNNestThermostat+Presentation.h */,
				D2E010811CE3569300CD1F86 /* SCNNestThermostat+Presentation.m */,
			);
			path = Presentation;
			sourceTree = "<group>";
		};
		D2E2D8991CD79E7F00A97143 = {
			isa = PBXGroup;
			children = (
				D2E2D8A41CD79E7F00A97143 /* TestHome */,
				D2E2D8A31CD79E7F00A97143 /* Products */,
				C91D0588E3FDD4BA27B93668 /* Pods */,
				108C4B8E269476B9E13D84CB /* Frameworks */,
			);
			sourceTree = "<group>";
		};
		D2E2D8A31CD79E7F00A97143 /* Products */ = {
			isa = PBXGroup;
			children = (
				D2E2D8A21CD79E7F00A97143 /* TestHome.app */,
			);
			name = Products;
			sourceTree = "<group>";
		};
		D2E2D8A41CD79E7F00A97143 /* TestHome */ = {
			isa = PBXGroup;
			children = (
				D2DA15DA1CD9F7B300CF6842 /* Utils */,
				D2AC10C91CD7A90C00EE1AE3 /* Model */,
				D2AC10C51CD7A7C700EE1AE3 /* UI */,
				D2E2D8A81CD79E7F00A97143 /* AppDelegate.h */,
				D2E2D8A91CD79E7F00A97143 /* AppDelegate.m */,
				D2E2D8AE1CD79E7F00A97143 /* Main.storyboard */,
				D2E2D8B11CD79E7F00A97143 /* Assets.xcassets */,
				D2E2D8B31CD79E7F00A97143 /* LaunchScreen.storyboard */,
				D2E2D8B61CD79E7F00A97143 /* Info.plist */,
				D2E2D8A51CD79E7F00A97143 /* Supporting Files */,
			);
			path = TestHome;
			sourceTree = "<group>";
		};
		D2E2D8A51CD79E7F00A97143 /* Supporting Files */ = {
			isa = PBXGroup;
			children = (
				D2E2D8A61CD79E7F00A97143 /* main.m */,
			);
			name = "Supporting Files";
			sourceTree = "<group>";
		};
/* End PBXGroup section */

/* Begin PBXNativeTarget section */
		D2E2D8A11CD79E7F00A97143 /* TestHome */ = {
			isa = PBXNativeTarget;
			buildConfigurationList = D2E2D8B91CD79E7F00A97143 /* Build configuration list for PBXNativeTarget "TestHome" */;
			buildPhases = (
				897E8138BA8064B32DC4F8E5 /* Check Pods Manifest.lock */,
				D2E2D89E1CD79E7F00A97143 /* Sources */,
				D2E2D89F1CD79E7F00A97143 /* Frameworks */,
				D2E2D8A01CD79E7F00A97143 /* Resources */,
				AD02638AE1D403CF63BF364B /* Embed Pods Frameworks */,
				23A7AADF1DF3F719D4BF3222 /* Copy Pods Resources */,
			);
			buildRules = (
			);
			dependencies = (
			);
			name = TestHome;
			productName = TestHome;
			productReference = D2E2D8A21CD79E7F00A97143 /* TestHome.app */;
			productType = "com.apple.product-type.application";
		};
/* End PBXNativeTarget section */

/* Begin PBXProject section */
		D2E2D89A1CD79E7F00A97143 /* Project object */ = {
			isa = PBXProject;
			attributes = {
				LastUpgradeCheck = 0700;
				ORGANIZATIONNAME = ScienceSoft;
				TargetAttributes = {
					D2E2D8A11CD79E7F00A97143 = {
						CreatedOnToolsVersion = 7.0.1;
					};
				};
			};
			buildConfigurationList = D2E2D89D1CD79E7F00A97143 /* Build configuration list for PBXProject "TestHome" */;
			compatibilityVersion = "Xcode 3.2";
			developmentRegion = English;
			hasScannedForEncodings = 0;
			knownRegions = (
				en,
				Base,
			);
			mainGroup = D2E2D8991CD79E7F00A97143;
			productRefGroup = D2E2D8A31CD79E7F00A97143 /* Products */;
			projectDirPath = "";
			projectRoot = "";
			targets = (
				D2E2D8A11CD79E7F00A97143 /* TestHome */,
			);
		};
/* End PBXProject section */

/* Begin PBXResourcesBuildPhase section */
		D2E2D8A01CD79E7F00A97143 /* Resources */ = {
			isa = PBXResourcesBuildPhase;
			buildActionMask = 2147483647;
			files = (
				D2DA16111CDA42D300CF6842 /* SCNLockView.xib in Resources */,
				D2E2D8B51CD79E7F00A97143 /* LaunchScreen.storyboard in Resources */,
				D2E2D8B21CD79E7F00A97143 /* Assets.xcassets in Resources */,
				D2E2D8B01CD79E7F00A97143 /* Main.storyboard in Resources */,
			);
			runOnlyForDeploymentPostprocessing = 0;
		};
/* End PBXResourcesBuildPhase section */

/* Begin PBXShellScriptBuildPhase section */
		23A7AADF1DF3F719D4BF3222 /* Copy Pods Resources */ = {
			isa = PBXShellScriptBuildPhase;
			buildActionMask = 2147483647;
			files = (
			);
			inputPaths = (
			);
			name = "Copy Pods Resources";
			outputPaths = (
			);
			runOnlyForDeploymentPostprocessing = 0;
			shellPath = /bin/sh;
			shellScript = "\"${SRCROOT}/Pods/Target Support Files/Pods/Pods-resources.sh\"\n";
			showEnvVarsInLog = 0;
		};
		897E8138BA8064B32DC4F8E5 /* Check Pods Manifest.lock */ = {
			isa = PBXShellScriptBuildPhase;
			buildActionMask = 2147483647;
			files = (
			);
			inputPaths = (
			);
			name = "Check Pods Manifest.lock";
			outputPaths = (
			);
			runOnlyForDeploymentPostprocessing = 0;
			shellPath = /bin/sh;
			shellScript = "diff \"${PODS_ROOT}/../Podfile.lock\" \"${PODS_ROOT}/Manifest.lock\" > /dev/null\nif [[ $? != 0 ]] ; then\n    cat << EOM\nerror: The sandbox is not in sync with the Podfile.lock. Run 'pod install' or update your CocoaPods installation.\nEOM\n    exit 1\nfi\n";
			showEnvVarsInLog = 0;
		};
		AD02638AE1D403CF63BF364B /* Embed Pods Frameworks */ = {
			isa = PBXShellScriptBuildPhase;
			buildActionMask = 2147483647;
			files = (
			);
			inputPaths = (
			);
			name = "Embed Pods Frameworks";
			outputPaths = (
			);
			runOnlyForDeploymentPostprocessing = 0;
			shellPath = /bin/sh;
			shellScript = "\"${SRCROOT}/Pods/Target Support Files/Pods/Pods-frameworks.sh\"\n";
			showEnvVarsInLog = 0;
		};
/* End PBXShellScriptBuildPhase section */

/* Begin PBXSourcesBuildPhase section */
		D2E2D89E1CD79E7F00A97143 /* Sources */ = {
			isa = PBXSourcesBuildPhase;
			buildActionMask = 2147483647;
			files = (
				D2DE36061CDB67EC00885E82 /* SCNLocationDataProvider.m in Sources */,
				D2DA15D31CD9ECA800CF6842 /* SCNNestLocation.m in Sources */,
				D2E2D8AA1CD79E7F00A97143 /* AppDelegate.m in Sources */,
				D2E0107C1CE31D1600CD1F86 /* SCNNilObjectValueTransformer+Presentation.m in Sources */,
				D2DA16001CDA41BD00CF6842 /* UITableView+SCNUtils.m in Sources */,
				D2DA15D61CD9EDD500CF6842 /* SCNNestThermostat.m in Sources */,
				D2DE35FA1CDB424300885E82 /* SCNThermostatViewController.m in Sources */,
				D2D078C31CDCCD83008C225A /* FDataSnapshot+SCNValidation.m in Sources */,
				D2DA15ED1CDA1B8E00CF6842 /* SCNNestSmokeCOAlarm.m in Sources */,
				D2DA160D1CDA42D300CF6842 /* SCNReplaceSegue.m in Sources */,
				D2E0107F1CE3341700CD1F86 /* SCNThermostatDataProvider.m in Sources */,
				D2DA16241CDA739300CF6842 /* SCNStructureNameDataProvider.m in Sources */,
				D20BF0501CDAA36C007BC0FF /* UIViewController+SCNErrorAlerts.m in Sources */,
				D2DE35F31CDB2E4300885E82 /* SCNNestDevicePool.m in Sources */,
				D2DA16171CDA434200CF6842 /* UIView+SCNUtils.m in Sources */,
				D2D078C91CDCF2BD008C225A /* UIApplication+SCNOpenUrl.m in Sources */,
				D2DA15E71CDA026800CF6842 /* SCNNestCameraEvent.m in Sources */,
				D2DA16101CDA42D300CF6842 /* SCNStructuresViewController.m in Sources */,
				D2D078C01CDC85C4008C225A /* SCNNilObjectValueTransformer.m in Sources */,
				D2DA15D01CD9EA6200CF6842 /* SCNNestStructure.m in Sources */,
				D2AC10D41CD7B64200EE1AE3 /* SCNNestAuthManager.m in Sources */,
				D2D078CC1CDCF759008C225A /* SCNNestCamera+Presentation.m in Sources */,
				D2DA16211CDA600E00CF6842 /* SCNAwayDataProvider.m in Sources */,
				D2DA15E11CD9F92700CF6842 /* NSString+SCNNest.m in Sources */,
				D2E2D8A71CD79E7F00A97143 /* main.m in Sources */,
				D2DA15FD1CDA39A100CF6842 /* NSError+Utils.m in Sources */,
				D2DE35FD1CDB426600885E82 /* SCNSmokeCOAlarmViewController.m in Sources */,
				D263E1A91CD8EE5B00615E5F /* SCNNestFirebaseManager.m in Sources */,
				D2DE36171CDB860C00885E82 /* SCNNestSmokeCOAlarm+Presentation.m in Sources */,
				D2DA161E1CDA49B400CF6842 /* SCNSettings.m in Sources */,
				D20BF04D1CDAA270007BC0FF /* UIViewController+SCNAlerts.m in Sources */,
				D2DA161A1CDA444500CF6842 /* UIView+SCNLockView.m in Sources */,
				D2DE36141CDB850F00885E82 /* SCNNestDevice+Presentation.m in Sources */,
				D2AC10D11CD7B4D700EE1AE3 /* SCNNestCamera.m in Sources */,
				D2DE36031CDB53FF00885E82 /* SCNDataProvider.m in Sources */,
				D2DA15EA1CDA0C1500CF6842 /* MTLJSONAdapter+SCNNest.m in Sources */,
				D2DA16141CDA42ED00CF6842 /* SCNLockView.m in Sources */,
				D2DA15DE1CD9F7FC00CF6842 /* NSDateFormatter+SCNNest.m in Sources */,
				D2E010791CE31BFB00CD1F86 /* SCNNestCameraEvent+Presentation.m in Sources */,
				D2E010821CE3569300CD1F86 /* SCNNestThermostat+Presentation.m in Sources */,
				D2DA15D91CD9F07F00CF6842 /* SCNNestDevice.m in Sources */,
				D2DE36091CDB794100885E82 /* NSDate+SCNAppDates.m in Sources */,
				D2DA15E41CD9FA8C00CF6842 /* MTLValueTransformer+SCNNest.m in Sources */,
				D2DE35F71CDB422300885E82 /* SCNCameraViewController.m in Sources */,
				D2AC10CD1CD7AEC800EE1AE3 /* SCNNestAuthToken.m in Sources */,
				D2DA15FA1CDA323F00CF6842 /* SCNStructuresDataProvider.m in Sources */,
				D2D078C61CDCD0EA008C225A /* SCNCameraDataProvider.m in Sources */,
				D2DA160E1CDA42D300CF6842 /* SCNDevicesViewController.m in Sources */,
				D2DE36001CDB4EF500885E82 /* SCNSmokeCOAlarmDataProvider.m in Sources */,
				D2DA160F1CDA42D300CF6842 /* SCNLoginViewController.m in Sources */,
				D2DE35EF1CDB238A00885E82 /* SCNDevicesDataProvider.m in Sources */,
			);
			runOnlyForDeploymentPostprocessing = 0;
		};
/* End PBXSourcesBuildPhase section */

/* Begin PBXVariantGroup section */
		D2E2D8AE1CD79E7F00A97143 /* Main.storyboard */ = {
			isa = PBXVariantGroup;
			children = (
				D2E2D8AF1CD79E7F00A97143 /* Base */,
			);
			name = Main.storyboard;
			sourceTree = "<group>";
		};
		D2E2D8B31CD79E7F00A97143 /* LaunchScreen.storyboard */ = {
			isa = PBXVariantGroup;
			children = (
				D2E2D8B41CD79E7F00A97143 /* Base */,
			);
			name = LaunchScreen.storyboard;
			sourceTree = "<group>";
		};
/* End PBXVariantGroup section */

/* Begin XCBuildConfiguration section */
		D2E2D8B71CD79E7F00A97143 /* Debug */ = {
			isa = XCBuildConfiguration;
			buildSettings = {
				ALWAYS_SEARCH_USER_PATHS = NO;
				CLANG_CXX_LANGUAGE_STANDARD = "gnu++0x";
				CLANG_CXX_LIBRARY = "libc++";
				CLANG_ENABLE_MODULES = YES;
				CLANG_ENABLE_OBJC_ARC = YES;
				CLANG_WARN_BOOL_CONVERSION = YES;
				CLANG_WARN_CONSTANT_CONVERSION = YES;
				CLANG_WARN_DIRECT_OBJC_ISA_USAGE = YES_ERROR;
				CLANG_WARN_EMPTY_BODY = YES;
				CLANG_WARN_ENUM_CONVERSION = YES;
				CLANG_WARN_INT_CONVERSION = YES;
				CLANG_WARN_OBJC_ROOT_CLASS = YES_ERROR;
				CLANG_WARN_UNREACHABLE_CODE = YES;
				CLANG_WARN__DUPLICATE_METHOD_MATCH = YES;
				"CODE_SIGN_IDENTITY[sdk=iphoneos*]" = "iPhone Developer";
				COPY_PHASE_STRIP = NO;
				DEBUG_INFORMATION_FORMAT = dwarf;
				ENABLE_STRICT_OBJC_MSGSEND = YES;
				ENABLE_TESTABILITY = YES;
				GCC_C_LANGUAGE_STANDARD = gnu99;
				GCC_DYNAMIC_NO_PIC = NO;
				GCC_NO_COMMON_BLOCKS = YES;
				GCC_OPTIMIZATION_LEVEL = 0;
				GCC_PREPROCESSOR_DEFINITIONS = (
					"DEBUG=1",
					"$(inherited)",
				);
				GCC_WARN_64_TO_32_BIT_CONVERSION = YES;
				GCC_WARN_ABOUT_RETURN_TYPE = YES_ERROR;
				GCC_WARN_UNDECLARED_SELECTOR = YES;
				GCC_WARN_UNINITIALIZED_AUTOS = YES_AGGRESSIVE;
				GCC_WARN_UNUSED_FUNCTION = YES;
				GCC_WARN_UNUSED_VARIABLE = YES;
				IPHONEOS_DEPLOYMENT_TARGET = 9.0;
				MTL_ENABLE_DEBUG_INFO = YES;
				ONLY_ACTIVE_ARCH = YES;
				SDKROOT = iphoneos;
				TARGETED_DEVICE_FAMILY = "1,2";
			};
			name = Debug;
		};
		D2E2D8B81CD79E7F00A97143 /* Release */ = {
			isa = XCBuildConfiguration;
			buildSettings = {
				ALWAYS_SEARCH_USER_PATHS = NO;
				CLANG_CXX_LANGUAGE_STANDARD = "gnu++0x";
				CLANG_CXX_LIBRARY = "libc++";
				CLANG_ENABLE_MODULES = YES;
				CLANG_ENABLE_OBJC_ARC = YES;
				CLANG_WARN_BOOL_CONVERSION = YES;
				CLANG_WARN_CONSTANT_CONVERSION = YES;
				CLANG_WARN_DIRECT_OBJC_ISA_USAGE = YES_ERROR;
				CLANG_WARN_EMPTY_BODY = YES;
				CLANG_WARN_ENUM_CONVERSION = YES;
				CLANG_WARN_INT_CONVERSION = YES;
				CLANG_WARN_OBJC_ROOT_CLASS = YES_ERROR;
				CLANG_WARN_UNREACHABLE_CODE = YES;
				CLANG_WARN__DUPLICATE_METHOD_MATCH = YES;
				"CODE_SIGN_IDENTITY[sdk=iphoneos*]" = "iPhone Developer";
				COPY_PHASE_STRIP = NO;
				DEBUG_INFORMATION_FORMAT = "dwarf-with-dsym";
				ENABLE_NS_ASSERTIONS = NO;
				ENABLE_STRICT_OBJC_MSGSEND = YES;
				GCC_C_LANGUAGE_STANDARD = gnu99;
				GCC_NO_COMMON_BLOCKS = YES;
				GCC_WARN_64_TO_32_BIT_CONVERSION = YES;
				GCC_WARN_ABOUT_RETURN_TYPE = YES_ERROR;
				GCC_WARN_UNDECLARED_SELECTOR = YES;
				GCC_WARN_UNINITIALIZED_AUTOS = YES_AGGRESSIVE;
				GCC_WARN_UNUSED_FUNCTION = YES;
				GCC_WARN_UNUSED_VARIABLE = YES;
				IPHONEOS_DEPLOYMENT_TARGET = 9.0;
				MTL_ENABLE_DEBUG_INFO = NO;
				SDKROOT = iphoneos;
				TARGETED_DEVICE_FAMILY = "1,2";
				VALIDATE_PRODUCT = YES;
			};
			name = Release;
		};
		D2E2D8BA1CD79E7F00A97143 /* Debug */ = {
			isa = XCBuildConfiguration;
			baseConfigurationReference = 0139C749793BED8AAD80B086 /* Pods.debug.xcconfig */;
			buildSettings = {
				ASSETCATALOG_COMPILER_APPICON_NAME = AppIcon;
				ENABLE_BITCODE = NO;
				GCC_PRECOMPILE_PREFIX_HEADER = YES;
				GCC_PREFIX_HEADER = TestHome/Utils/PrefixHeader.pch;
				INFOPLIST_FILE = TestHome/Info.plist;
				IPHONEOS_DEPLOYMENT_TARGET = 8.0;
				LD_RUNPATH_SEARCH_PATHS = "$(inherited) @executable_path/Frameworks";
				PRODUCT_BUNDLE_IDENTIFIER = com.scnsoft.TestHome;
				PRODUCT_NAME = "$(TARGET_NAME)";
			};
			name = Debug;
		};
		D2E2D8BB1CD79E7F00A97143 /* Release */ = {
			isa = XCBuildConfiguration;
			baseConfigurationReference = 305312A2105D0097B6D9B972 /* Pods.release.xcconfig */;
			buildSettings = {
				ASSETCATALOG_COMPILER_APPICON_NAME = AppIcon;
				ENABLE_BITCODE = NO;
				GCC_PRECOMPILE_PREFIX_HEADER = YES;
				GCC_PREFIX_HEADER = TestHome/Utils/PrefixHeader.pch;
				INFOPLIST_FILE = TestHome/Info.plist;
				IPHONEOS_DEPLOYMENT_TARGET = 8.0;
				LD_RUNPATH_SEARCH_PATHS = "$(inherited) @executable_path/Frameworks";
				PRODUCT_BUNDLE_IDENTIFIER = com.scnsoft.TestHome;
				PRODUCT_NAME = "$(TARGET_NAME)";
			};
			name = Release;
		};
/* End XCBuildConfiguration section */

/* Begin XCConfigurationList section */
		D2E2D89D1CD79E7F00A97143 /* Build configuration list for PBXProject "TestHome" */ = {
			isa = XCConfigurationList;
			buildConfigurations = (
				D2E2D8B71CD79E7F00A97143 /* Debug */,
				D2E2D8B81CD79E7F00A97143 /* Release */,
			);
			defaultConfigurationIsVisible = 0;
			defaultConfigurationName = Release;
		};
		D2E2D8B91CD79E7F00A97143 /* Build configuration list for PBXNativeTarget "TestHome" */ = {
			isa = XCConfigurationList;
			buildConfigurations = (
				D2E2D8BA1CD79E7F00A97143 /* Debug */,
				D2E2D8BB1CD79E7F00A97143 /* Release */,
			);
			defaultConfigurationIsVisible = 0;
			defaultConfigurationName = Release;
		};
/* End XCConfigurationList section */
	};
	rootObject = D2E2D89A1CD79E7F00A97143 /* Project object */;
}
